
Microsoft Visual Studio Solution File, Format Version 12.00
# Visual Studio Version 16
VisualStudioVersion = 16.0.31729.503
MinimumVisualStudioVersion = 10.0.40219.1
Project("{FAE04EC0-301F-11D3-BF4B-00C04F79EFBC}") = "CSharp-.NET", "CSharp-.NET.csproj", "{B2018F7F-EBE6-4B67-ACEE-637A9B3A1AAF}"
EndProject
Global
	GlobalSection(SolutionConfigurationPlatforms) = preSolution
		Debug|Any CPU = Debug|Any CPU
		Release|Any CPU = Release|Any CPU
	EndGlobalSection
	GlobalSection(ProjectConfigurationPlatforms) = postSolution
		{B2018F7F-EBE6-4B67-ACEE-637A9B3A1AAF}.Debug|Any CPU.ActiveCfg = Debug|Any CPU
		{B2018F7F-EBE6-4B67-ACEE-637A9B3A1AAF}.Debug|Any CPU.Build.0 = Debug|Any CPU
		{B2018F7F-EBE6-4B67-ACEE-637A9B3A1AAF}.Release|Any CPU.ActiveCfg = Release|Any CPU
		{B2018F7F-EBE6-4B67-ACEE-637A9B3A1AAF}.Release|Any CPU.Build.0 = Release|Any CPU
	EndGlobalSection
	GlobalSection(SolutionProperties) = preSolution
		HideSolutionNode = FALSE
	EndGlobalSection
	GlobalSection(ExtensibilityGlobals) = postSolution
		SolutionGuid = {0BF45BEA-6F7E-42FF-978C-7B2186FC3E86}
	EndGlobalSection
EndGlobal
